
Microsoft Visual Studio Solution File, Format Version 12.00
# Visual Studio 14
VisualStudioVersion = 14.0.24720.0
MinimumVisualStudioVersion = 10.0.40219.1
Project("{8BC9CEB8-8B4A-11D0-8D11-00A0C91BC942}") = "CIFem", "CIFem\CIFem.vcxproj", "{1FBBDB79-840A-4A74-B643-4CDC488C7300}"
EndProject
Project("{8BC9CEB8-8B4A-11D0-8D11-00A0C91BC942}") = "CIFem_wrapper", "CIFem_wrapper\CIFem_wrapper.vcxproj", "{6A7E91A4-D2D8-4915-98CF-E3345B0997B3}"
EndProject
Project("{FAE04EC0-301F-11D3-BF4B-00C04F79EFBC}") = "CIFem_grasshopper", "CIFem_grasshopper\CIFem_grasshopper.csproj", "{A4F2AA02-84D4-460D-8ADB-BDCC9BB408E7}"
EndProject
Project("{8BC9CEB8-8B4A-11D0-8D11-00A0C91BC942}") = "Sandbox", "Sandbox\Sandbox.vcxproj", "{E1D8E8A2-09B1-4157-89BC-32D90F09F675}"
EndProject
Project("{FAE04EC0-301F-11D3-BF4B-00C04F79EFBC}") = "CS_Sandbox", "CS_Sandbox\CS_Sandbox.csproj", "{DAFA952C-1AA5-4EBE-A77F-5ECB292C3BF0}"
EndProject
Global
	GlobalSection(SolutionConfigurationPlatforms) = preSolution
		Debug|Any CPU = Debug|Any CPU
		Debug|x64 = Debug|x64
		Debug|x86 = Debug|x86
		Release|Any CPU = Release|Any CPU
		Release|x64 = Release|x64
		Release|x86 = Release|x86
	EndGlobalSection
	GlobalSection(ProjectConfigurationPlatforms) = postSolution
		{1FBBDB79-840A-4A74-B643-4CDC488C7300}.Debug|Any CPU.ActiveCfg = Debug|Win32
		{1FBBDB79-840A-4A74-B643-4CDC488C7300}.Debug|x64.ActiveCfg = Debug|x64
		{1FBBDB79-840A-4A74-B643-4CDC488C7300}.Debug|x86.ActiveCfg = Debug|Win32
		{1FBBDB79-840A-4A74-B643-4CDC488C7300}.Debug|x86.Build.0 = Debug|Win32
		{1FBBDB79-840A-4A74-B643-4CDC488C7300}.Release|Any CPU.ActiveCfg = Release|Win32
		{1FBBDB79-840A-4A74-B643-4CDC488C7300}.Release|x64.ActiveCfg = Release|x64
		{1FBBDB79-840A-4A74-B643-4CDC488C7300}.Release|x64.Build.0 = Release|x64
		{1FBBDB79-840A-4A74-B643-4CDC488C7300}.Release|x86.ActiveCfg = Release|Win32
		{1FBBDB79-840A-4A74-B643-4CDC488C7300}.Release|x86.Build.0 = Release|Win32
		{6A7E91A4-D2D8-4915-98CF-E3345B0997B3}.Debug|Any CPU.ActiveCfg = Debug|Win32
		{6A7E91A4-D2D8-4915-98CF-E3345B0997B3}.Debug|x64.ActiveCfg = Debug|x64
		{6A7E91A4-D2D8-4915-98CF-E3345B0997B3}.Debug|x64.Build.0 = Debug|x64
		{6A7E91A4-D2D8-4915-98CF-E3345B0997B3}.Debug|x64.Deploy.0 = Debug|x64
		{6A7E91A4-D2D8-4915-98CF-E3345B0997B3}.Debug|x86.ActiveCfg = Debug|Win32
		{6A7E91A4-D2D8-4915-98CF-E3345B0997B3}.Debug|x86.Build.0 = Debug|Win32
		{6A7E91A4-D2D8-4915-98CF-E3345B0997B3}.Release|Any CPU.ActiveCfg = Release|Win32
		{6A7E91A4-D2D8-4915-98CF-E3345B0997B3}.Release|x64.ActiveCfg = Release|x64
		{6A7E91A4-D2D8-4915-98CF-E3345B0997B3}.Release|x64.Build.0 = Release|x64
		{6A7E91A4-D2D8-4915-98CF-E3345B0997B3}.Release|x86.ActiveCfg = Release|Win32
		{6A7E91A4-D2D8-4915-98CF-E3345B0997B3}.Release|x86.Build.0 = Release|Win32
		{A4F2AA02-84D4-460D-8ADB-BDCC9BB408E7}.Debug|Any CPU.ActiveCfg = Debug|Any CPU
		{A4F2AA02-84D4-460D-8ADB-BDCC9BB408E7}.Debug|x64.ActiveCfg = Debug|Any CPU
		{A4F2AA02-84D4-460D-8ADB-BDCC9BB408E7}.Debug|x64.Build.0 = Debug|Any CPU
		{A4F2AA02-84D4-460D-8ADB-BDCC9BB408E7}.Debug|x64.Deploy.0 = Debug|Any CPU
		{A4F2AA02-84D4-460D-8ADB-BDCC9BB408E7}.Debug|x86.ActiveCfg = Debug|Any CPU
		{A4F2AA02-84D4-460D-8ADB-BDCC9BB408E7}.Debug|x86.Build.0 = Debug|Any CPU
		{A4F2AA02-84D4-460D-8ADB-BDCC9BB408E7}.Release|Any CPU.ActiveCfg = Release|Any CPU
		{A4F2AA02-84D4-460D-8ADB-BDCC9BB408E7}.Release|Any CPU.Build.0 = Release|Any CPU
		{A4F2AA02-84D4-460D-8ADB-BDCC9BB408E7}.Release|x64.ActiveCfg = Release|Any CPU
		{A4F2AA02-84D4-460D-8ADB-BDCC9BB408E7}.Release|x64.Build.0 = Release|Any CPU
		{A4F2AA02-84D4-460D-8ADB-BDCC9BB408E7}.Release|x86.ActiveCfg = Release|Any CPU
		{A4F2AA02-84D4-460D-8ADB-BDCC9BB408E7}.Release|x86.Build.0 = Release|Any CPU
		{E1D8E8A2-09B1-4157-89BC-32D90F09F675}.Debug|Any CPU.ActiveCfg = Debug|Win32
		{E1D8E8A2-09B1-4157-89BC-32D90F09F675}.Debug|x64.ActiveCfg = Debug|x64
		{E1D8E8A2-09B1-4157-89BC-32D90F09F675}.Debug|x64.Build.0 = Debug|x64
		{E1D8E8A2-09B1-4157-89BC-32D90F09F675}.Debug|x86.ActiveCfg = Debug|Win32
		{E1D8E8A2-09B1-4157-89BC-32D90F09F675}.Debug|x86.Build.0 = Debug|Win32
		{E1D8E8A2-09B1-4157-89BC-32D90F09F675}.Release|Any CPU.ActiveCfg = Release|Win32
		{E1D8E8A2-09B1-4157-89BC-32D90F09F675}.Release|x64.ActiveCfg = Release|x64
		{E1D8E8A2-09B1-4157-89BC-32D90F09F675}.Release|x64.Build.0 = Release|x64
		{E1D8E8A2-09B1-4157-89BC-32D90F09F675}.Release|x64.Deploy.0 = Release|x64
		{E1D8E8A2-09B1-4157-89BC-32D90F09F675}.Release|x86.ActiveCfg = Release|Win32
		{E1D8E8A2-09B1-4157-89BC-32D90F09F675}.Release|x86.Build.0 = Release|Win32
		{DAFA952C-1AA5-4EBE-A77F-5ECB292C3BF0}.Debug|Any CPU.ActiveCfg = Debug|Any CPU
		{DAFA952C-1AA5-4EBE-A77F-5ECB292C3BF0}.Debug|Any CPU.Build.0 = Debug|Any CPU
		{DAFA952C-1AA5-4EBE-A77F-5ECB292C3BF0}.Debug|x64.ActiveCfg = Debug|Any CPU
		{DAFA952C-1AA5-4EBE-A77F-5ECB292C3BF0}.Debug|x64.Build.0 = Debug|Any CPU
		{DAFA952C-1AA5-4EBE-A77F-5ECB292C3BF0}.Debug|x86.ActiveCfg = Debug|Any CPU
		{DAFA952C-1AA5-4EBE-A77F-5ECB292C3BF0}.Debug|x86.Build.0 = Debug|Any CPU
		{DAFA952C-1AA5-4EBE-A77F-5ECB292C3BF0}.Release|Any CPU.ActiveCfg = Release|Any CPU
		{DAFA952C-1AA5-4EBE-A77F-5ECB292C3BF0}.Release|Any CPU.Build.0 = Release|Any CPU
		{DAFA952C-1AA5-4EBE-A77F-5ECB292C3BF0}.Release|x64.ActiveCfg = Release|Any CPU
		{DAFA952C-1AA5-4EBE-A77F-5ECB292C3BF0}.Release|x64.Build.0 = Release|Any CPU
		{DAFA952C-1AA5-4EBE-A77F-5ECB292C3BF0}.Release|x86.ActiveCfg = Release|Any CPU
		{DAFA952C-1AA5-4EBE-A77F-5ECB292C3BF0}.Release|x86.Build.0 = Release|Any CPU
	EndGlobalSection
	GlobalSection(SolutionProperties) = preSolution
		HideSolutionNode = FALSE
	EndGlobalSection
EndGlobal
