<?xml version="1.0" encoding="utf-8"?>
<Project ToolsVersion="4.0" xmlns="http://schemas.microsoft.com/developer/msbuild/2003">
  <ItemGroup>
    <Filter Include="Source Files">
      <UniqueIdentifier>{4FC737F1-C7A5-4376-A066-2A32D752A2FF}</UniqueIdentifier>
      <Extensions>cpp;c;cc;cxx;def;odl;idl;hpj;bat;asm;asmx</Extensions>
    </Filter>
    <Filter Include="Header Files">
      <UniqueIdentifier>{93995380-89BD-4b04-88EB-625FBE52EBFB}</UniqueIdentifier>
      <Extensions>h;hh;hpp;hxx;hm;inl;inc;xsd</Extensions>
    </Filter>
    <Filter Include="Resource Files">
      <UniqueIdentifier>{67DA6AB6-F800-4c08-8B7A-83BB121AAD01}</UniqueIdentifier>
      <Extensions>rc;ico;cur;bmp;dlg;rc2;rct;bin;rgs;gif;jpg;jpeg;jpe;resx;tiff;tif;png;wav;mfcribbon-ms</Extensions>
    </Filter>
    <Filter Include="Header Files\Elements">
      <UniqueIdentifier>{3f333788-c82d-4ac0-8cbb-8b57a71cd368}</UniqueIdentifier>
    </Filter>
    <Filter Include="Header Files\Elements\Cross sections">
      <UniqueIdentifier>{cc8f96d8-a50f-481a-8a9b-06eae47ba6d4}</UniqueIdentifier>
    </Filter>
  </ItemGroup>
  <ItemGroup>
    <ClInclude Include="XYZ.h">
      <Filter>Header Files</Filter>
    </ClInclude>
    <ClInclude Include="CIFem_dll.h">
      <Filter>Header Files</Filter>
    </ClInclude>
    <ClInclude Include="Element3d.h">
      <Filter>Header Files</Filter>
    </ClInclude>
    <ClInclude Include="ElementProperty.h">
      <Filter>Header Files</Filter>
    </ClInclude>
    <ClInclude Include="Structure3d.h">
      <Filter>Header Files</Filter>
    </ClInclude>
    <ClInclude Include="DOF.h">
      <Filter>Header Files</Filter>
    </ClInclude>
    <ClInclude Include="IElement.h">
      <Filter>Header Files\Elements</Filter>
    </ClInclude>
    <ClInclude Include="resource.h">
      <Filter>Header Files</Filter>
    </ClInclude>
    <ClInclude Include="ICrossSection.h">
      <Filter>Header Files\Elements\Cross sections</Filter>
    </ClInclude>
    <ClInclude Include="ISectionProperties.h">
      <Filter>Header Files\Elements\Cross sections</Filter>
    </ClInclude>
    <ClInclude Include="SecPropBar.h">
      <Filter>Header Files\Elements\Cross sections</Filter>
    </ClInclude>
    <ClInclude Include="SecPropBeam3d.h">
      <Filter>Header Files\Elements\Cross sections</Filter>
    </ClInclude>
    <ClInclude Include="SecPropBeam2d.h">
      <Filter>Header Files\Elements\Cross sections</Filter>
    </ClInclude>
    <ClInclude Include="RHS3d.h">
      <Filter>Header Files\Elements\Cross sections</Filter>
    </ClInclude>
    <ClInclude Include="Rectangle3d.h">
      <Filter>Header Files\Elements\Cross sections</Filter>
    </ClInclude>
    <ClInclude Include="CIFemMath.h">
      <Filter>Header Files</Filter>
    </ClInclude>
  </ItemGroup>
  <ItemGroup>
    <ClCompile Include="XYZ.cpp">
      <Filter>Source Files</Filter>
    </ClCompile>
    <ClCompile Include="Element3d.cpp">
      <Filter>Source Files</Filter>
    </ClCompile>
    <ClCompile Include="ElementProperty.cpp">
      <Filter>Source Files</Filter>
    </ClCompile>
    <ClCompile Include="Structure3d.cpp">
      <Filter>Source Files</Filter>
    </ClCompile>
    <ClCompile Include="DOF.cpp">
      <Filter>Source Files</Filter>
    </ClCompile>
    <ClCompile Include="ISectionProperties.cpp">
      <Filter>Source Files</Filter>
    </ClCompile>
    <ClCompile Include="SecPropBar.cpp">
      <Filter>Source Files</Filter>
    </ClCompile>
    <ClCompile Include="SecPropBeam2d.cpp">
      <Filter>Source Files</Filter>
    </ClCompile>
    <ClCompile Include="SecPropBeam3d.cpp">
      <Filter>Source Files</Filter>
    </ClCompile>
    <ClCompile Include="RHS3d.cpp">
      <Filter>Source Files</Filter>
    </ClCompile>
    <ClCompile Include="Rectangle3d.cpp">
      <Filter>Source Files</Filter>
    </ClCompile>
    <ClCompile Include="CIFemMath.cpp">
      <Filter>Source Files</Filter>
    </ClCompile>
  </ItemGroup>
  <ItemGroup>
    <ResourceCompile Include="CIFem.rc">
      <Filter>Resource Files</Filter>
    </ResourceCompile>
  </ItemGroup>
</Project>